
Microsoft Visual Studio Solution File, Format Version 12.00
# Visual Studio Version 17
VisualStudioVersion = 17.5.33530.505
MinimumVisualStudioVersion = 10.0.40219.1
Project("{8BC9CEB8-8B4A-11D0-8D11-00A0C91BC942}") = "Bravo", "Bravo\Bravo.vcxproj", "{45E1E911-48A3-448E-A660-E941554D1A5C}"
EndProject
Global
	GlobalSection(SolutionConfigurationPlatforms) = preSolution
		Debug|x64 = Debug|x64
		Release|x64 = Release|x64
	EndGlobalSection
	GlobalSection(ProjectConfigurationPlatforms) = postSolution
		{45E1E911-48A3-448E-A660-E941554D1A5C}.Debug|x64.ActiveCfg = Debug|x64
		{45E1E911-48A3-448E-A660-E941554D1A5C}.Debug|x64.Build.0 = Debug|x64
		{45E1E911-48A3-448E-A660-E941554D1A5C}.Release|x64.ActiveCfg = Release|x64
		{45E1E911-48A3-448E-A660-E941554D1A5C}.Release|x64.Build.0 = Release|x64
	EndGlobalSection
	GlobalSection(SolutionProperties) = preSolution
		HideSolutionNode = FALSE
	EndGlobalSection
	GlobalSection(ExtensibilityGlobals) = postSolution
		SolutionGuid = {EFA68E50-C3AE-40FF-B51A-EBEF8DC66C2A}
	EndGlobalSection
EndGlobal
