<?xml version="1.0" encoding="utf-8"?>
<Project ToolsVersion="4.0" xmlns="http://schemas.microsoft.com/developer/msbuild/2003">
  <ItemGroup>
    <Filter Include="Shaders">
      <UniqueIdentifier>{b97cafae-1ba4-4309-91b6-7c775e83a0a9}</UniqueIdentifier>
    </Filter>
    <Filter Include="Private">
      <UniqueIdentifier>{d0e0e46d-892a-4d10-ada7-c027bd31691d}</UniqueIdentifier>
    </Filter>
    <Filter Include="Public">
      <UniqueIdentifier>{a5402ccf-c93a-44a6-aade-5748fd37c392}</UniqueIdentifier>
    </Filter>
    <Filter Include="ThirdParty">
      <UniqueIdentifier>{ec4eae8e-8f56-446a-9cdd-3870558611b4}</UniqueIdentifier>
    </Filter>
    <Filter Include="Public\Game">
      <UniqueIdentifier>{48431736-178f-459c-ad1a-3591037d4a37}</UniqueIdentifier>
    </Filter>
    <Filter Include="Public\Core">
      <UniqueIdentifier>{d27feff3-97cb-4c4f-b7ed-ff1183721fbc}</UniqueIdentifier>
    </Filter>
    <Filter Include="Private\Game">
      <UniqueIdentifier>{649854a3-06eb-4d82-ad29-453c2f9000b4}</UniqueIdentifier>
    </Filter>
    <Filter Include="Private\Core">
      <UniqueIdentifier>{579a9494-8e37-4fcd-a65c-afd9e858a5cb}</UniqueIdentifier>
    </Filter>
    <Filter Include="Shaders\HUD">
      <UniqueIdentifier>{fb4007a8-c582-45d7-b3ad-c2f0b265ccde}</UniqueIdentifier>
    </Filter>
    <Filter Include="Shaders\PostProcess">
      <UniqueIdentifier>{a6aec723-f51b-4be4-986d-707635c855d4}</UniqueIdentifier>
    </Filter>
    <Filter Include="Public\Assets">
      <UniqueIdentifier>{da71a5f4-7ded-43ff-a16b-30aedf54a301}</UniqueIdentifier>
    </Filter>
    <Filter Include="Public\HUD">
      <UniqueIdentifier>{cea6cec1-f839-4355-8063-66b17c1876a8}</UniqueIdentifier>
    </Filter>
    <Filter Include="Public\Lights">
      <UniqueIdentifier>{5a13376e-fe74-4acb-990c-2bf4d1382f6a}</UniqueIdentifier>
    </Filter>
    <Filter Include="Private\Lights">
      <UniqueIdentifier>{c93ca362-9585-4e0f-b6f2-c31feff4e470}</UniqueIdentifier>
    </Filter>
    <Filter Include="Private\HUD">
      <UniqueIdentifier>{c0f5b9b2-cab5-41f3-9f35-a6b915becf12}</UniqueIdentifier>
    </Filter>
    <Filter Include="Private\Assets">
      <UniqueIdentifier>{98e01a90-1fa6-4c62-a529-74b14fb10279}</UniqueIdentifier>
    </Filter>
    <Filter Include="Private\Player">
      <UniqueIdentifier>{da64dd04-2089-40d7-9506-f6d2389be686}</UniqueIdentifier>
    </Filter>
    <Filter Include="Public\Player">
      <UniqueIdentifier>{46dddc9f-3a44-4f7b-8cdf-e5a65414f9f7}</UniqueIdentifier>
    </Filter>
    <Filter Include="Private\Actors">
      <UniqueIdentifier>{4d09ba82-a580-41b0-9ebc-ea2317319ecc}</UniqueIdentifier>
    </Filter>
    <Filter Include="Public\Actors">
      <UniqueIdentifier>{8e19b75a-a888-42e4-a6d6-842e684af491}</UniqueIdentifier>
    </Filter>
    <Filter Include="Private\Actors\Components">
      <UniqueIdentifier>{30245fef-6f5d-4c5d-98a1-4114931d872c}</UniqueIdentifier>
    </Filter>
    <Filter Include="Public\Actors\Components">
      <UniqueIdentifier>{a5b64451-f45e-4bd9-aa07-1411b9e840d1}</UniqueIdentifier>
    </Filter>
    <Filter Include="Shaders\DepthMaps">
      <UniqueIdentifier>{fcc62cf9-2ca1-450f-a631-938380d8cbff}</UniqueIdentifier>
    </Filter>
    <Filter Include="Shaders\DepthMaps\Directional">
      <UniqueIdentifier>{2f6fe814-1391-47a4-981d-d3e87b6fdc03}</UniqueIdentifier>
    </Filter>
    <Filter Include="Shaders\DepthMaps\Point">
      <UniqueIdentifier>{19115253-8be3-41af-ad87-60e0fb60dc55}</UniqueIdentifier>
    </Filter>
    <Filter Include="Shaders\DepthMaps\Spot">
      <UniqueIdentifier>{ed53f6b8-55d0-41c9-8968-036ebb0a78cf}</UniqueIdentifier>
    </Filter>
    <Filter Include="Public\Lights\DepthMaps">
      <UniqueIdentifier>{f54710a9-29e0-4ef3-9b59-c57852c7be37}</UniqueIdentifier>
    </Filter>
    <Filter Include="Private\Lights\DepthMaps">
      <UniqueIdentifier>{e424e128-e43c-4f5f-a383-54e52596308f}</UniqueIdentifier>
    </Filter>
    <Filter Include="Public\Lights\SpotLight">
      <UniqueIdentifier>{683b8700-0941-4726-abf3-2023a637a598}</UniqueIdentifier>
    </Filter>
    <Filter Include="Private\Lights\SpotLight">
      <UniqueIdentifier>{ef2f935f-dcea-4956-9832-ad6fd071036e}</UniqueIdentifier>
    </Filter>
    <Filter Include="Public\Lights\DirectionalLight">
      <UniqueIdentifier>{fe4d3459-e30e-4f2f-a647-fd0ab2496dc2}</UniqueIdentifier>
    </Filter>
    <Filter Include="Private\Lights\DirectionalLight">
      <UniqueIdentifier>{c13269ef-1a92-45c0-8ed9-862e6741fd81}</UniqueIdentifier>
    </Filter>
    <Filter Include="Private\Lights\PointLight">
      <UniqueIdentifier>{38873873-1a41-4fda-849b-48ee1be7aeb9}</UniqueIdentifier>
    </Filter>
    <Filter Include="Public\Lights\PointLight">
      <UniqueIdentifier>{8c0e5aee-75ee-400f-804a-c9d6fca4e83d}</UniqueIdentifier>
    </Filter>
    <Filter Include="Private\Actors\Materials">
      <UniqueIdentifier>{3e75c9cc-a437-4829-992c-8155ac334993}</UniqueIdentifier>
    </Filter>
    <Filter Include="Public\Actors\Materials">
      <UniqueIdentifier>{9bc8a3f7-87d0-47ee-b0e7-6e934762fb5d}</UniqueIdentifier>
    </Filter>
    <Filter Include="Shaders\Selection">
      <UniqueIdentifier>{7cff3cb1-50bd-4fa1-bddc-1739f4f603ff}</UniqueIdentifier>
    </Filter>
    <Filter Include="Shaders\Outline">
      <UniqueIdentifier>{f5768bb3-f2b8-4a5c-86b0-70f5420e5888}</UniqueIdentifier>
    </Filter>
    <Filter Include="Private\Rendering">
      <UniqueIdentifier>{dc2bc07b-643a-40f8-8ece-6116b22f707e}</UniqueIdentifier>
    </Filter>
    <Filter Include="Public\Rendering">
      <UniqueIdentifier>{6eb9f452-6edc-42eb-8e88-e3b4b3d37d80}</UniqueIdentifier>
    </Filter>
  </ItemGroup>
  <ItemGroup>
    <ClCompile Include="Source\Main.cpp" />
    <ClCompile Include="..\ThirdParty\Include\glad.c">
      <Filter>ThirdParty</Filter>
    </ClCompile>
    <ClCompile Include="Source\ThirdParty\stb_image.cpp">
      <Filter>ThirdParty</Filter>
    </ClCompile>
    <ClCompile Include="Source\Private\BravoAsset.cpp">
      <Filter>Private\Assets</Filter>
    </ClCompile>
    <ClCompile Include="Source\Private\Log.cpp">
      <Filter>Private\Core</Filter>
    </ClCompile>
    <ClCompile Include="Source\Private\BravoEngine.cpp">
      <Filter>Private\Core</Filter>
    </ClCompile>
    <ClCompile Include="Source\Private\BravoGameInstance.cpp">
      <Filter>Private\Game</Filter>
    </ClCompile>
    <ClCompile Include="Source\Private\BravoMath.cpp">
      <Filter>Private\Core</Filter>
    </ClCompile>
    <ClCompile Include="Source\Private\BravoObject.cpp">
      <Filter>Private\Core</Filter>
    </ClCompile>
    <ClCompile Include="Source\Private\BravoAssetManager.cpp">
      <Filter>Private\Assets</Filter>
    </ClCompile>
    <ClCompile Include="Source\Private\BravoTextureUnitManager.cpp">
      <Filter>Private\Core</Filter>
    </ClCompile>
    <ClCompile Include="Source\ThirdParty\stb_truetype.h.cpp">
      <Filter>ThirdParty</Filter>
    </ClCompile>
    <ClCompile Include="Source\ThirdParty\stb_rect_pack.cpp">
      <Filter>ThirdParty</Filter>
    </ClCompile>
    <ClCompile Include="Source\Private\BravoHUD.cpp">
      <Filter>Private\HUD</Filter>
    </ClCompile>
    <ClCompile Include="Source\Private\BravoWidget.cpp">
      <Filter>Private\HUD</Filter>
    </ClCompile>
    <ClCompile Include="Source\Private\BravoWidget_Text.cpp">
      <Filter>Private\HUD</Filter>
    </ClCompile>
    <ClCompile Include="Source\ThirdParty\Delegates.cpp">
      <Filter>ThirdParty</Filter>
    </ClCompile>
    <ClCompile Include="Source\Private\BravoWidget_Plane.cpp">
      <Filter>Private\HUD</Filter>
    </ClCompile>
    <ClCompile Include="Source\Private\BravoScreen.cpp">
      <Filter>Private\HUD</Filter>
    </ClCompile>
    <ClCompile Include="Source\Private\BravoScreen_Debug.cpp">
      <Filter>Private\HUD</Filter>
    </ClCompile>
    <ClCompile Include="Source\Private\BravoLightManager.cpp">
      <Filter>Private\Lights</Filter>
    </ClCompile>
    <ClCompile Include="Source\Private\BravoLightActor.cpp">
      <Filter>Private\Lights</Filter>
    </ClCompile>
    <ClCompile Include="Source\Private\BravoPlayer.cpp">
      <Filter>Private\Player</Filter>
    </ClCompile>
    <ClCompile Include="Source\Private\BravoCamera.cpp">
      <Filter>Private\Player</Filter>
    </ClCompile>
    <ClCompile Include="Source\Private\BravoInput.cpp">
      <Filter>Private\Player</Filter>
    </ClCompile>
    <ClCompile Include="Source\Private\BravoSkyboxActor.cpp">
      <Filter>Private\Actors</Filter>
    </ClCompile>
    <ClCompile Include="Source\Private\BravoInfinitePlaneActor.cpp">
      <Filter>Private\Actors</Filter>
    </ClCompile>
    <ClCompile Include="Source\Private\BravoActor.cpp">
      <Filter>Private\Actors</Filter>
    </ClCompile>
    <ClCompile Include="Source\Private\BravoComponent.cpp">
      <Filter>Private\Actors\Components</Filter>
    </ClCompile>
    <ClCompile Include="Source\Private\BravoStaticMeshComponent.cpp">
      <Filter>Private\Actors\Components</Filter>
    </ClCompile>
    <ClCompile Include="Source\Private\BravoPointLightActor.cpp">
      <Filter>Private\Lights\PointLight</Filter>
    </ClCompile>
    <ClCompile Include="Source\Private\BravoDepthMap.cpp">
      <Filter>Private\Lights\DepthMaps</Filter>
    </ClCompile>
    <ClCompile Include="Source\Private\BravoSpotLightActor.cpp">
      <Filter>Private\Lights\SpotLight</Filter>
    </ClCompile>
    <ClCompile Include="Source\Private\BravoSpotDepthMap.cpp">
      <Filter>Private\Lights\SpotLight</Filter>
    </ClCompile>
    <ClCompile Include="Source\Private\BravoSpotLightShaderDataCollection.cpp">
      <Filter>Private\Lights\SpotLight</Filter>
    </ClCompile>
    <ClCompile Include="Source\Private\BravoDirectionalLightActor.cpp">
      <Filter>Private\Lights\DirectionalLight</Filter>
    </ClCompile>
    <ClCompile Include="Source\Private\BravoDirectionalDepthMap.cpp">
      <Filter>Private\Lights\DirectionalLight</Filter>
    </ClCompile>
    <ClCompile Include="Source\Private\BravoDirectionalLightShaderDataCollection.cpp">
      <Filter>Private\Lights\DirectionalLight</Filter>
    </ClCompile>
    <ClCompile Include="Source\Private\BravoFontAsset.cpp">
      <Filter>Private\Assets</Filter>
    </ClCompile>
    <ClCompile Include="Source\Private\BravoCubemapAsset.cpp">
      <Filter>Private\Assets</Filter>
    </ClCompile>
    <ClCompile Include="Source\Private\BravoShaderAsset.cpp">
      <Filter>Private\Assets</Filter>
    </ClCompile>
    <ClCompile Include="Source\Private\BravoStaticMeshAsset.cpp">
      <Filter>Private\Assets</Filter>
    </ClCompile>
    <ClCompile Include="Source\Private\BravoTextureAsset.cpp">
      <Filter>Private\Assets</Filter>
    </ClCompile>
    <ClCompile Include="Source\Private\BravoPointDepthMap.cpp">
      <Filter>Private\Lights\PointLight</Filter>
    </ClCompile>
    <ClCompile Include="Source\Private\BravoPointLightShaderDataCollection.cpp">
      <Filter>Private\Lights\PointLight</Filter>
    </ClCompile>
    <ClCompile Include="Source\Private\BravoMaterialPBR.cpp">
      <Filter>Private\Actors\Materials</Filter>
    </ClCompile>
    <ClCompile Include="Source\Private\BravoMaterialUnlit.cpp">
      <Filter>Private\Actors\Materials</Filter>
    </ClCompile>
    <ClCompile Include="Source\Private\BravoSelectionManager.cpp">
      <Filter>Private\Core</Filter>
    </ClCompile>
    <ClCompile Include="Source\Private\BravoOutlineManager.cpp">
      <Filter>Private\Core</Filter>
    </ClCompile>
    <ClCompile Include="Source\Private\BravoRenderPass.cpp">
      <Filter>Private\Rendering</Filter>
    </ClCompile>
    <ClCompile Include="Source\Private\BravoRenderTarget.cpp">
      <Filter>Private\Rendering</Filter>
    </ClCompile>
    <ClCompile Include="Source\Private\BravoViewport.cpp">
      <Filter>Private\Rendering</Filter>
    </ClCompile>
    <ClCompile Include="Source\Private\BravoGizmo.cpp">
      <Filter>Private\Actors</Filter>
    </ClCompile>
  </ItemGroup>
  <ItemGroup>
    <ClInclude Include="Source\openGL.h" />
    <ClInclude Include="Source\stdafx.h" />
    <ClInclude Include="Source\ThirdParty\stb_image.h">
      <Filter>ThirdParty</Filter>
    </ClInclude>
    <ClInclude Include="Source\Public\BravoAsset.h">
      <Filter>Public\Assets</Filter>
    </ClInclude>
    <ClInclude Include="Source\Public\BravoObject.h">
      <Filter>Public\Core</Filter>
    </ClInclude>
    <ClInclude Include="Source\Public\BravoEngine.h">
      <Filter>Public\Core</Filter>
    </ClInclude>
    <ClInclude Include="Source\Public\Log.h">
      <Filter>Public\Core</Filter>
    </ClInclude>
    <ClInclude Include="Source\Public\BravoGameInstance.h">
      <Filter>Public\Game</Filter>
    </ClInclude>
    <ClInclude Include="Source\Public\BravoMath.h">
      <Filter>Public\Core</Filter>
    </ClInclude>
    <ClInclude Include="Source\Public\SharedFromThis.h">
      <Filter>Public\Core</Filter>
    </ClInclude>
    <ClInclude Include="Source\Public\BravoAssetManager.h">
      <Filter>Public\Assets</Filter>
    </ClInclude>
    <ClInclude Include="Source\Public\BravoTextureData.h">
      <Filter>Public\Assets</Filter>
    </ClInclude>
    <ClInclude Include="Source\Public\BravoTextureUnitManager.h">
      <Filter>Public\Core</Filter>
    </ClInclude>
    <ClInclude Include="Source\ThirdParty\stb_truetype.h">
      <Filter>ThirdParty</Filter>
    </ClInclude>
    <ClInclude Include="Source\ThirdParty\stb_rect_pack.h">
      <Filter>ThirdParty</Filter>
    </ClInclude>
    <ClInclude Include="Source\ThirdParty\stb_image_write.h">
      <Filter>ThirdParty</Filter>
    </ClInclude>
    <ClInclude Include="Source\Public\BravoTypes.h">
      <Filter>Public\Core</Filter>
    </ClInclude>
    <ClInclude Include="Source\Public\BravoHUD.h">
      <Filter>Public\HUD</Filter>
    </ClInclude>
    <ClInclude Include="Source\Public\BravoWidget.h">
      <Filter>Public\HUD</Filter>
    </ClInclude>
    <ClInclude Include="Source\Public\BravoWidget_Text.h">
      <Filter>Public\HUD</Filter>
    </ClInclude>
    <ClInclude Include="Source\ThirdParty\Delegates.h">
      <Filter>ThirdParty</Filter>
    </ClInclude>
    <ClInclude Include="Source\Public\BravoWidget_Plane.h">
      <Filter>Public\HUD</Filter>
    </ClInclude>
    <ClInclude Include="Source\Public\BravoScreen.h">
      <Filter>Public\HUD</Filter>
    </ClInclude>
    <ClInclude Include="Source\Public\BravoScreen_Debug.h">
      <Filter>Public\HUD</Filter>
    </ClInclude>
    <ClInclude Include="Source\Public\BravoLightManager.h">
      <Filter>Public\Lights</Filter>
    </ClInclude>
    <ClInclude Include="Source\Public\BravoInput.h">
      <Filter>Public\Player</Filter>
    </ClInclude>
    <ClInclude Include="Source\Public\BravoCamera.h">
      <Filter>Public\Player</Filter>
    </ClInclude>
    <ClInclude Include="Source\Public\BravoPlayer.h">
      <Filter>Public\Player</Filter>
    </ClInclude>
    <ClInclude Include="Source\Public\BravoSkyboxActor.h">
      <Filter>Public\Actors</Filter>
    </ClInclude>
    <ClInclude Include="Source\Public\BravoInfinitePlaneActor.h">
      <Filter>Public\Actors</Filter>
    </ClInclude>
    <ClInclude Include="Source\Public\BravoActor.h">
      <Filter>Public\Actors</Filter>
    </ClInclude>
    <ClInclude Include="Source\Public\BravoComponent.h">
      <Filter>Public\Actors\Components</Filter>
    </ClInclude>
    <ClInclude Include="Source\Public\BravoStaticMeshComponent.h">
      <Filter>Public\Actors\Components</Filter>
    </ClInclude>
    <ClInclude Include="Source\Public\BravoTransform.h">
      <Filter>Public\Core</Filter>
    </ClInclude>
    <ClInclude Include="Source\Public\BravoPointLightActor.h">
      <Filter>Public\Lights\PointLight</Filter>
    </ClInclude>
    <ClInclude Include="Source\Public\BravoDepthMap.h">
      <Filter>Public\Lights\DepthMaps</Filter>
    </ClInclude>
    <ClInclude Include="Source\Public\BravoSpotLightActor.h">
      <Filter>Public\Lights\SpotLight</Filter>
    </ClInclude>
    <ClInclude Include="Source\Public\BravoSpotDepthMap.h">
      <Filter>Public\Lights\SpotLight</Filter>
    </ClInclude>
    <ClInclude Include="Source\Public\BravoSpotLightShaderDataCollection.h">
      <Filter>Public\Lights\SpotLight</Filter>
    </ClInclude>
    <ClInclude Include="Source\Public\BravoDirectionalLightActor.h">
      <Filter>Public\Lights\DirectionalLight</Filter>
    </ClInclude>
    <ClInclude Include="Source\Public\BravoDirectionalDepthMap.h">
      <Filter>Public\Lights\DirectionalLight</Filter>
    </ClInclude>
    <ClInclude Include="Source\Public\BravoDirectionalLightShaderDataCollection.h">
      <Filter>Public\Lights\DirectionalLight</Filter>
    </ClInclude>
    <ClInclude Include="Source\Public\BravoLightActor.h">
      <Filter>Public\Lights</Filter>
    </ClInclude>
    <ClInclude Include="Source\Public\BravoPointLightShaderDataCollection.h">
      <Filter>Public\Lights\PointLight</Filter>
    </ClInclude>
    <ClInclude Include="Source\Public\BravoPointDepthMap.h">
      <Filter>Public\Lights\PointLight</Filter>
    </ClInclude>
    <ClInclude Include="Source\Public\BravoTextureAsset.h">
      <Filter>Public\Assets</Filter>
    </ClInclude>
    <ClInclude Include="Source\Public\BravoCubemapAsset.h">
      <Filter>Public\Assets</Filter>
    </ClInclude>
    <ClInclude Include="Source\Public\BravoFontAsset.h">
      <Filter>Public\Assets</Filter>
    </ClInclude>
    <ClInclude Include="Source\Public\BravoShaderAsset.h">
      <Filter>Public\Assets</Filter>
    </ClInclude>
    <ClInclude Include="Source\Public\BravoStaticMeshAsset.h">
      <Filter>Public\Assets</Filter>
    </ClInclude>
    <ClInclude Include="Source\Public\BravoMaterial.h">
      <Filter>Public\Actors\Materials</Filter>
    </ClInclude>
    <ClInclude Include="Source\Public\BravoMaterialPBR.h">
      <Filter>Public\Actors\Materials</Filter>
    </ClInclude>
    <ClInclude Include="Source\Public\BravoMaterialUnlit.h">
      <Filter>Public\Actors\Materials</Filter>
    </ClInclude>
    <ClInclude Include="Source\Public\BravoSelectionManager.h">
      <Filter>Public\Core</Filter>
    </ClInclude>
    <ClInclude Include="Source\Public\BravoOutlineManager.h">
      <Filter>Public\Core</Filter>
    </ClInclude>
    <ClInclude Include="Source\Public\BravoRenderPass.h">
      <Filter>Public\Rendering</Filter>
    </ClInclude>
    <ClInclude Include="Source\Public\BravoRenderTarget.h">
      <Filter>Public\Rendering</Filter>
    </ClInclude>
    <ClInclude Include="Source\Public\IBravoRenderable.h">
      <Filter>Public\Rendering</Filter>
    </ClInclude>
    <ClInclude Include="Source\Public\BravoViewport.h">
      <Filter>Public\Rendering</Filter>
    </ClInclude>
    <ClInclude Include="Source\Public\BravoGizmo.h">
      <Filter>Public\Actors</Filter>
    </ClInclude>
    <ClInclude Include="Source\Public\IBravoTransformable.h">
      <Filter>Public\Core</Filter>
    </ClInclude>
  </ItemGroup>
  <ItemGroup>
    <None Include="Source\Shaders\PhongModel.frag">
      <Filter>Shaders</Filter>
    </None>
    <None Include="Source\Shaders\PhongModel.vert">
      <Filter>Shaders</Filter>
    </None>
    <None Include="Source\Shaders\Skybox.frag">
      <Filter>Shaders</Filter>
    </None>
    <None Include="Source\Shaders\Skybox.vert">
      <Filter>Shaders</Filter>
    </None>
    <None Include="Source\Shaders\InfinitePlane.frag">
      <Filter>Shaders</Filter>
    </None>
    <None Include="Source\Shaders\InfinitePlane.vert">
      <Filter>Shaders</Filter>
    </None>
    <None Include="Source\Shaders\wText.frag">
      <Filter>Shaders\HUD</Filter>
    </None>
    <None Include="Source\Shaders\wText.vert">
      <Filter>Shaders\HUD</Filter>
    </None>
    <None Include="Source\Shaders\PostProccess.frag">
      <Filter>Shaders\PostProcess</Filter>
    </None>
    <None Include="Source\Shaders\PostProccess.vert">
      <Filter>Shaders\PostProcess</Filter>
    </None>
    <None Include="Source\Shaders\wPlane.vert">
      <Filter>Shaders\HUD</Filter>
    </None>
    <None Include="Source\Shaders\wPlane.frag">
      <Filter>Shaders\HUD</Filter>
    </None>
    <None Include="Source\Shaders\Unlit.frag">
      <Filter>Shaders</Filter>
    </None>
    <None Include="Source\Shaders\Unlit.vert">
      <Filter>Shaders</Filter>
    </None>
    <None Include="Source\Shaders\DepthMapDir.frag">
      <Filter>Shaders\DepthMaps\Directional</Filter>
    </None>
    <None Include="Source\Shaders\DepthMapDir.vert">
      <Filter>Shaders\DepthMaps\Directional</Filter>
    </None>
    <None Include="Source\Shaders\DepthMapSpot.frag">
      <Filter>Shaders\DepthMaps\Spot</Filter>
    </None>
    <None Include="Source\Shaders\DepthMapSpot.vert">
      <Filter>Shaders\DepthMaps\Spot</Filter>
    </None>
    <None Include="Source\Shaders\DepthMapPoint.frag">
      <Filter>Shaders\DepthMaps\Point</Filter>
    </None>
    <None Include="Source\Shaders\DepthMapPoint.geom">
      <Filter>Shaders\DepthMaps\Point</Filter>
    </None>
    <None Include="Source\Shaders\DepthMapPoint.vert">
      <Filter>Shaders\DepthMaps\Point</Filter>
    </None>
    <None Include="Source\Shaders\PBRModel.frag">
      <Filter>Shaders</Filter>
    </None>
    <None Include="Source\Shaders\PBRModel.vert">
      <Filter>Shaders</Filter>
    </None>
    <None Include="Source\Shaders\MeshSelectionID.vert">
      <Filter>Shaders\Selection</Filter>
    </None>
    <None Include="Source\Shaders\MeshSelectionID.frag">
      <Filter>Shaders\Selection</Filter>
    </None>
    <None Include="Source\Shaders\MeshOutlineMask.frag">
      <Filter>Shaders\Outline</Filter>
    </None>
    <None Include="Source\Shaders\MeshOutlineMask.vert">
      <Filter>Shaders\Outline</Filter>
    </None>
    <None Include="Source\Shaders\OutlinePostProccess.frag">
      <Filter>Shaders\Outline</Filter>
    </None>
    <None Include="Source\Shaders\OutlinePostProccess.vert">
      <Filter>Shaders\Outline</Filter>
    </None>
  </ItemGroup>
</Project>