<?xml version="1.0" encoding="utf-8"?>
<Project ToolsVersion="4.0" xmlns="http://schemas.microsoft.com/developer/msbuild/2003">
  <ItemGroup>
    <Filter Include="Private">
      <UniqueIdentifier>{4FC737F1-C7A5-4376-A066-2A32D752A2FF}</UniqueIdentifier>
      <Extensions>cpp;c;cc;cxx;c++;cppm;ixx;def;odl;idl;hpj;bat;asm;asmx</Extensions>
    </Filter>
    <Filter Include="Public">
      <UniqueIdentifier>{93995380-89BD-4b04-88EB-625FBE52EBFB}</UniqueIdentifier>
      <Extensions>h;hh;hpp;hxx;h++;hm;inl;inc;ipp;xsd</Extensions>
    </Filter>
    <Filter Include="Shaders">
      <UniqueIdentifier>{459d471b-603c-4b96-a7c6-9554fc339412}</UniqueIdentifier>
    </Filter>
  </ItemGroup>
  <ItemGroup>
    <ClCompile Include="Source\Private\Main.cpp" />
    <ClCompile Include="Source\Private\FluidGameInstance.cpp">
      <Filter>Private</Filter>
    </ClCompile>
    <ClCompile Include="Source\Private\FluidContainer.cpp">
      <Filter>Private</Filter>
    </ClCompile>
    <ClCompile Include="Source\Private\FluidSimulation.cpp">
      <Filter>Private</Filter>
    </ClCompile>
    <ClCompile Include="Source\Private\FluidScreen_Simulation.cpp">
      <Filter>Private</Filter>
    </ClCompile>
    <ClCompile Include="Source\Private\FluidGrid.cpp">
      <Filter>Private</Filter>
    </ClCompile>
    <ClCompile Include="Source\Private\FluidPostProcess.cpp">
      <Filter>Private</Filter>
    </ClCompile>
  </ItemGroup>
  <ItemGroup>
    <ClInclude Include="Source\Public\FluidGameInstance.h">
      <Filter>Public</Filter>
    </ClInclude>
    <ClInclude Include="Source\Public\FluidContainer.h">
      <Filter>Public</Filter>
    </ClInclude>
    <ClInclude Include="Source\Public\FluidSimulation.h">
      <Filter>Public</Filter>
    </ClInclude>
    <ClInclude Include="Source\Public\FluidScreen_Simulation.h">
      <Filter>Public</Filter>
    </ClInclude>
    <ClInclude Include="Source\Public\FluidMath.h">
      <Filter>Public</Filter>
    </ClInclude>
    <ClInclude Include="Source\Public\FluidGrid.h">
      <Filter>Public</Filter>
    </ClInclude>
    <ClInclude Include="Source\Public\FluidPostProcess.h">
      <Filter>Public</Filter>
    </ClInclude>
  </ItemGroup>
  <ItemGroup>
    <None Include="Source\Shaders\Container.frag">
      <Filter>Shaders</Filter>
    </None>
    <None Include="Source\Shaders\Container.vert">
      <Filter>Shaders</Filter>
    </None>
    <None Include="Source\Shaders\FluidPoint.frag">
      <Filter>Shaders</Filter>
    </None>
    <None Include="Source\Shaders\FluidPoint.vert">
      <Filter>Shaders</Filter>
    </None>
    <None Include="Source\Shaders\Compute\FluidGridHashing.comp" />
    <None Include="Source\Shaders\Compute\FluidStartingIndicies.comp" />
    <None Include="Source\Shaders\Compute\FluidPressure.comp" />
    <None Include="Source\Shaders\Compute\ThirdParty\multi_radixsort.comp" />
    <None Include="Source\Shaders\Compute\ThirdParty\multi_radixsort_histograms.comp" />
    <None Include="Source\Shaders\Compute\ThirdParty\single_radixsort.comp" />
    <None Include="Source\Shaders\FluidPostProcess.frag" />
    <None Include="Source\Shaders\FluidPostProcess.vert" />
    <None Include="Source\Shaders\Compute\FluidGenerateParticles.comp" />
  </ItemGroup>
</Project>